
Microsoft Visual Studio Solution File, Format Version 12.00
# Visual Studio Version 17
VisualStudioVersion = 17.4.33213.308
MinimumVisualStudioVersion = 10.0.40219.1
Project("{FAE04EC0-301F-11D3-BF4B-00C04F79EFBC}") = "Alert_CXPServices", "Alert_CXP\Alert_CXPServices.csproj", "{06223349-97EB-453A-8025-8BC775D5CF52}"
EndProject
Global
	GlobalSection(SolutionConfigurationPlatforms) = preSolution
		Debug|Any CPU = Debug|Any CPU
		Release|Any CPU = Release|Any CPU
	EndGlobalSection
	GlobalSection(ProjectConfigurationPlatforms) = postSolution
		{06223349-97EB-453A-8025-8BC775D5CF52}.Debug|Any CPU.ActiveCfg = Debug|Any CPU
		{06223349-97EB-453A-8025-8BC775D5CF52}.Debug|Any CPU.Build.0 = Debug|Any CPU
		{06223349-97EB-453A-8025-8BC775D5CF52}.Release|Any CPU.ActiveCfg = Release|Any CPU
		{06223349-97EB-453A-8025-8BC775D5CF52}.Release|Any CPU.Build.0 = Release|Any CPU
	EndGlobalSection
	GlobalSection(SolutionProperties) = preSolution
		HideSolutionNode = FALSE
	EndGlobalSection
	GlobalSection(ExtensibilityGlobals) = postSolution
		SolutionGuid = {6A2D4114-1AEB-48E0-BFB1-4B3C5256E567}
	EndGlobalSection
EndGlobal
